
Microsoft Visual Studio Solution File, Format Version 11.00
# Visual Studio 2010
Project("{FAE04EC0-301F-11D3-BF4B-00C04F79EFBC}") = "LabT11", "LabT11\LabT11.csproj", "{22AE2C67-2337-484E-826D-305735FC8230}"
EndProject
Global
	GlobalSection(SolutionConfigurationPlatforms) = preSolution
		Debug|x86 = Debug|x86
		Release|x86 = Release|x86
	EndGlobalSection
	GlobalSection(ProjectConfigurationPlatforms) = postSolution
		{22AE2C67-2337-484E-826D-305735FC8230}.Debug|x86.ActiveCfg = Debug|x86
		{22AE2C67-2337-484E-826D-305735FC8230}.Debug|x86.Build.0 = Debug|x86
		{22AE2C67-2337-484E-826D-305735FC8230}.Release|x86.ActiveCfg = Release|x86
		{22AE2C67-2337-484E-826D-305735FC8230}.Release|x86.Build.0 = Release|x86
	EndGlobalSection
	GlobalSection(SolutionProperties) = preSolution
		HideSolutionNode = FALSE
	EndGlobalSection
EndGlobal
